<?xml version="1.0" encoding="utf-8"?>
<Project ToolsVersion="4.0" xmlns="http://schemas.microsoft.com/developer/msbuild/2003">
  <ItemGroup>
    <Filter Include="Source Files">
      <UniqueIdentifier>{4FC737F1-C7A5-4376-A066-2A32D752A2FF}</UniqueIdentifier>
      <Extensions>cpp;c;cc;cxx;c++;cppm;ixx;def;odl;idl;hpj;bat;asm;asmx</Extensions>
    </Filter>
    <Filter Include="Header Files">
      <UniqueIdentifier>{93995380-89BD-4b04-88EB-625FBE52EBFB}</UniqueIdentifier>
      <Extensions>h;hh;hpp;hxx;h++;hm;inl;inc;ipp;xsd</Extensions>
    </Filter>
    <Filter Include="Resource Files">
      <UniqueIdentifier>{67DA6AB6-F800-4c08-8B7A-83BB121AAD01}</UniqueIdentifier>
      <Extensions>rc;ico;cur;bmp;dlg;rc2;rct;bin;rgs;gif;jpg;jpeg;jpe;resx;tiff;tif;png;wav;mfcribbon-ms</Extensions>
    </Filter>
    <Filter Include="Header Files\20">
      <UniqueIdentifier>{77e59e19-34d3-4c6a-bfa6-51c86c735884}</UniqueIdentifier>
    </Filter>
    <Filter Include="Header Files\40">
      <UniqueIdentifier>{7b3bf4f5-a208-4584-b749-ebdb49b4365b}</UniqueIdentifier>
    </Filter>
    <Filter Include="Header Files\60">
      <UniqueIdentifier>{65948a14-632a-4c12-a7b0-fa642296b579}</UniqueIdentifier>
    </Filter>
    <Filter Include="Header Files\80">
      <UniqueIdentifier>{8ad34e76-252e-490e-a20e-9b74aaabdce6}</UniqueIdentifier>
    </Filter>
    <Filter Include="Source Files\20">
      <UniqueIdentifier>{c12393c1-455b-45cc-bd8d-48f9010f2aa0}</UniqueIdentifier>
    </Filter>
    <Filter Include="Source Files\40">
      <UniqueIdentifier>{a0267731-632c-408f-9a02-398f1f9b2202}</UniqueIdentifier>
    </Filter>
    <Filter Include="Source Files\60">
      <UniqueIdentifier>{48cbcbb5-3324-4190-8472-2b1272bb3093}</UniqueIdentifier>
    </Filter>
    <Filter Include="Source Files\80">
      <UniqueIdentifier>{21759db7-7aa5-46a9-aefa-885a904c3cbd}</UniqueIdentifier>
    </Filter>
    <Filter Include="Header Files\libs">
      <UniqueIdentifier>{ac076f7c-c38d-471b-b51a-ba88ad57bac0}</UniqueIdentifier>
    </Filter>
  </ItemGroup>
  <ItemGroup>
    <ClCompile Include="20\P001_MultiplesOf3And5.cpp">
      <Filter>Source Files\20</Filter>
    </ClCompile>
    <ClCompile Include="20\P002_SumOfEvenFibonacciNumbers.cpp">
      <Filter>Source Files\20</Filter>
    </ClCompile>
    <ClCompile Include="80\P068_MagicNGonRing.cpp">
      <Filter>Source Files\80</Filter>
    </ClCompile>
    <ClCompile Include="20\P003_LargestPrimeFactor.cpp">
      <Filter>Source Files\20</Filter>
    </ClCompile>
    <ClCompile Include="HackerRankEulerProblems.cpp">
      <Filter>Source Files</Filter>
    </ClCompile>
    <ClCompile Include="20\P004_LargestPalindromeProduct.cpp">
      <Filter>Source Files\20</Filter>
    </ClCompile>
    <ClCompile Include="20\P005_SmallestMultiple.cpp">
      <Filter>Source Files\20</Filter>
    </ClCompile>
    <ClCompile Include="20\P006_SumSquareDifference.cpp">
      <Filter>Source Files\20</Filter>
    </ClCompile>
    <ClCompile Include="20\P007_10001stPrime.cpp">
      <Filter>Source Files\20</Filter>
    </ClCompile>
    <ClCompile Include="20\P008_LargestProductInASeries.cpp">
      <Filter>Source Files\20</Filter>
    </ClCompile>
    <ClCompile Include="20\P009_SpecialPythagoreanTriplet.cpp">
      <Filter>Source Files\20</Filter>
    </ClCompile>
    <ClCompile Include="20\P010_SummationOfPrimes.cpp">
      <Filter>Source Files\20</Filter>
    </ClCompile>
    <ClCompile Include="20\P011_LargestProductInAGrid.cpp">
      <Filter>Source Files\20</Filter>
    </ClCompile>
    <ClCompile Include="20\P012_HighlyDivisibleTriangularNumber.cpp">
      <Filter>Source Files\20</Filter>
    </ClCompile>
    <ClCompile Include="20\P013_LargeSum.cpp">
      <Filter>Source Files\20</Filter>
    </ClCompile>
    <ClCompile Include="20\P014_LongestCollatzSequence.cpp">
      <Filter>Source Files\20</Filter>
    </ClCompile>
    <ClCompile Include="20\P015_LatticePaths.cpp">
      <Filter>Source Files\20</Filter>
    </ClCompile>
    <ClCompile Include="20\P016_PowerDigitSum.cpp">
      <Filter>Source Files\20</Filter>
    </ClCompile>
    <ClCompile Include="libs\bigint.cpp">
      <Filter>Header Files\libs</Filter>
    </ClCompile>
    <ClCompile Include="20\P017_NumberToWords.cpp">
      <Filter>Source Files\20</Filter>
    </ClCompile>
    <ClCompile Include="20\P018_MaximumPathSumI.cpp">
      <Filter>Source Files\20</Filter>
    </ClCompile>
    <ClCompile Include="20\P019_CountingSundays.cpp">
      <Filter>Source Files\20</Filter>
    </ClCompile>
    <ClCompile Include="20\P020_FactorialDigitSum.cpp">
      <Filter>Source Files\20</Filter>
    </ClCompile>
    <ClCompile Include="40\P021_AmicableNumbers.cpp">
      <Filter>Source Files\40</Filter>
    </ClCompile>
    <ClCompile Include="40\P022_NamesScores.cpp">
      <Filter>Source Files\40</Filter>
    </ClCompile>
    <ClCompile Include="40\P023_NonAbundantSums.cpp">
      <Filter>Source Files\40</Filter>
    </ClCompile>
    <ClCompile Include="40\P024_LexicographicPermutations.cpp">
      <Filter>Source Files\40</Filter>
    </ClCompile>
    <ClCompile Include="40\P025_NdigitFibonacciNumber.cpp">
      <Filter>Source Files\40</Filter>
    </ClCompile>
    <ClCompile Include="40\P026_ReciprocalCycles.cpp">
      <Filter>Source Files\40</Filter>
    </ClCompile>
    <ClCompile Include="40\P027_QuadraticPrimes.cpp">
      <Filter>Source Files\40</Filter>
    </ClCompile>
    <ClCompile Include="40\P028_NumberSpiralDiagonals.cpp">
      <Filter>Source Files\40</Filter>
    </ClCompile>
    <ClCompile Include="40\P029_DistinctPowers.cpp">
      <Filter>Source Files\40</Filter>
    </ClCompile>
    <ClCompile Include="40\P030_DigitNthPowers.cpp">
      <Filter>Source Files\40</Filter>
    </ClCompile>
    <ClCompile Include="40\P031_CoinSums.cpp">
      <Filter>Source Files\40</Filter>
    </ClCompile>
    <ClCompile Include="40\P032_PandigitalProducts.cpp">
      <Filter>Source Files\40</Filter>
    </ClCompile>
    <ClCompile Include="40\P033_DigitCancelingFractions.cpp">
      <Filter>Source Files\40</Filter>
    </ClCompile>
    <ClCompile Include="40\P034_DigitFactorials.cpp">
      <Filter>Source Files\40</Filter>
    </ClCompile>
    <ClCompile Include="40\P035_CircularPrimes.cpp">
      <Filter>Source Files\40</Filter>
    </ClCompile>
    <ClCompile Include="40\P036_DoubleBasePalindromes.cpp">
      <Filter>Source Files\40</Filter>
    </ClCompile>
    <ClCompile Include="40\P037_TruncatablePrimes.cpp">
      <Filter>Source Files\40</Filter>
    </ClCompile>
  </ItemGroup>
  <ItemGroup>
    <ClInclude Include="20\P001_MultiplesOf3And5.h">
      <Filter>Header Files\20</Filter>
    </ClInclude>
    <ClInclude Include="20\P002_SumOfEvenFibonacciNumbers.h">
      <Filter>Header Files\20</Filter>
    </ClInclude>
    <ClInclude Include="80\P068_MagicNGonRing.h">
      <Filter>Header Files\80</Filter>
    </ClInclude>
    <ClInclude Include="libs\timer.h">
      <Filter>Header Files\libs</Filter>
    </ClInclude>
    <ClInclude Include="20\P003_LargestPrimeFactor.h">
      <Filter>Header Files\20</Filter>
    </ClInclude>
    <ClInclude Include="20\P004_LargestPalindromeProduct.h">
      <Filter>Header Files\20</Filter>
    </ClInclude>
    <ClInclude Include="20\P005_SmallestMultiple.h">
      <Filter>Header Files\20</Filter>
    </ClInclude>
    <ClInclude Include="libs\numeric.h">
      <Filter>Header Files\libs</Filter>
    </ClInclude>
    <ClInclude Include="20\P006_SumSquareDifference.h">
      <Filter>Header Files\20</Filter>
    </ClInclude>
    <ClInclude Include="20\P007_10001stPrime.h">
      <Filter>Header Files\20</Filter>
    </ClInclude>
    <ClInclude Include="libs\prime.h">
      <Filter>Header Files\libs</Filter>
    </ClInclude>
    <ClInclude Include="20\P008_LargestProductInASeries.h">
      <Filter>Header Files\20</Filter>
    </ClInclude>
    <ClInclude Include="20\P009_SpecialPythagoreanTriplet.h">
      <Filter>Header Files\20</Filter>
    </ClInclude>
    <ClInclude Include="20\P010_SummationOfPrimes.h">
      <Filter>Header Files\20</Filter>
    </ClInclude>
    <ClInclude Include="20\P011_LargestProductInAGrid.h">
      <Filter>Header Files\20</Filter>
    </ClInclude>
    <ClInclude Include="20\P012_HighlyDivisibleTriangularNumber.h">
      <Filter>Header Files\20</Filter>
    </ClInclude>
    <ClInclude Include="20\P013_LargeSum.h">
      <Filter>Header Files\20</Filter>
    </ClInclude>
    <ClInclude Include="20\P014_LongestCollatzSequence.h">
      <Filter>Header Files\20</Filter>
    </ClInclude>
    <ClInclude Include="20\P015_LatticePaths.h">
      <Filter>Header Files\20</Filter>
    </ClInclude>
    <ClInclude Include="20\P016_PowerDigitSum.h">
      <Filter>Header Files\20</Filter>
    </ClInclude>
    <ClInclude Include="libs\bigint.h">
      <Filter>Header Files\libs</Filter>
    </ClInclude>
    <ClInclude Include="20\P017_NumberToWords.h">
      <Filter>Header Files\20</Filter>
    </ClInclude>
    <ClInclude Include="20\P018_MaximumPathSumI.h">
      <Filter>Header Files\20</Filter>
    </ClInclude>
    <ClInclude Include="20\P019_CountingSundays.h">
      <Filter>Header Files\20</Filter>
    </ClInclude>
    <ClInclude Include="20\P020_FactorialDigitSum.h">
      <Filter>Header Files\20</Filter>
    </ClInclude>
    <ClInclude Include="40\P021_AmicableNumbers.h">
      <Filter>Header Files\40</Filter>
    </ClInclude>
    <ClInclude Include="40\P022_NamesScores.h">
      <Filter>Header Files\40</Filter>
    </ClInclude>
    <ClInclude Include="40\P023_NonAbundantSums.h">
      <Filter>Header Files\40</Filter>
    </ClInclude>
    <ClInclude Include="40\P024_LexicographicPermutations.h">
      <Filter>Header Files\40</Filter>
    </ClInclude>
    <ClInclude Include="40\P025_NdigitFibonacciNumber.h">
      <Filter>Header Files\40</Filter>
    </ClInclude>
    <ClInclude Include="40\P026_ReciprocalCycles.h">
      <Filter>Header Files\40</Filter>
    </ClInclude>
    <ClInclude Include="40\P027_QuadraticPrimes.h">
      <Filter>Header Files\40</Filter>
    </ClInclude>
    <ClInclude Include="40\P028_NumberSpiralDiagonals.h">
      <Filter>Header Files\40</Filter>
    </ClInclude>
    <ClInclude Include="40\P029_DistinctPowers.h">
      <Filter>Header Files\40</Filter>
    </ClInclude>
    <ClInclude Include="40\P030_DigitNthPowers.h">
      <Filter>Header Files\40</Filter>
    </ClInclude>
    <ClInclude Include="40\P031_CoinSums.h">
      <Filter>Header Files\40</Filter>
    </ClInclude>
    <ClInclude Include="40\P032_PandigitalProducts.h">
      <Filter>Header Files\40</Filter>
    </ClInclude>
    <ClInclude Include="40\P033_DigitCancelingFractions.h">
      <Filter>Header Files\40</Filter>
    </ClInclude>
    <ClInclude Include="40\P034_DigitFactorials.h">
      <Filter>Header Files\40</Filter>
    </ClInclude>
    <ClInclude Include="40\P035_CircularPrimes.h">
      <Filter>Header Files\40</Filter>
    </ClInclude>
    <ClInclude Include="40\P036_DoubleBasePalindromes.h">
      <Filter>Header Files\40</Filter>
    </ClInclude>
    <ClInclude Include="40\P037_TruncatablePrimes.h">
      <Filter>Header Files\40</Filter>
    </ClInclude>
  </ItemGroup>
</Project>